
Microsoft Visual Studio Solution File, Format Version 12.00
# Visual Studio Version 16
VisualStudioVersion = 16.0.29709.97
MinimumVisualStudioVersion = 10.0.40219.1
Project("{FAE04EC0-301F-11D3-BF4B-00C04F79EFBC}") = "EmbeddedFontsTest.UWP", "EmbeddedFontsTest\EmbeddedFontsTest.UWP\EmbeddedFontsTest.UWP.csproj", "{D221FE29-7450-46E3-A7AE-1C8069F3FDC0}"
EndProject
Project("{FAE04EC0-301F-11D3-BF4B-00C04F79EFBC}") = "EmbeddedFontsTest.Android", "EmbeddedFontsTest\EmbeddedFontsTest.Android\EmbeddedFontsTest.Android.csproj", "{B9994A2D-1CBE-48E0-9D9E-F55AC2CD1D41}"
EndProject
Project("{FAE04EC0-301F-11D3-BF4B-00C04F79EFBC}") = "EmbeddedFontsTest.iOS", "EmbeddedFontsTest\EmbeddedFontsTest.iOS\EmbeddedFontsTest.iOS.csproj", "{DDCCF76B-13B4-41BD-821F-F69FD477C114}"
EndProject
Project("{FAE04EC0-301F-11D3-BF4B-00C04F79EFBC}") = "EmbeddedFontsTest", "EmbeddedFontsTest\EmbeddedFontsTest\EmbeddedFontsTest.csproj", "{983F71B5-4528-4E8A-BC3B-F665B2906564}"
EndProject
Global
	GlobalSection(SolutionConfigurationPlatforms) = preSolution
		Debug|Any CPU = Debug|Any CPU
		Debug|ARM = Debug|ARM
		Debug|iPhone = Debug|iPhone
		Debug|iPhoneSimulator = Debug|iPhoneSimulator
		Debug|x64 = Debug|x64
		Debug|x86 = Debug|x86
		Release|Any CPU = Release|Any CPU
		Release|ARM = Release|ARM
		Release|iPhone = Release|iPhone
		Release|iPhoneSimulator = Release|iPhoneSimulator
		Release|x64 = Release|x64
		Release|x86 = Release|x86
	EndGlobalSection
	GlobalSection(ProjectConfigurationPlatforms) = postSolution
		{D221FE29-7450-46E3-A7AE-1C8069F3FDC0}.Debug|Any CPU.ActiveCfg = Debug|x86
		{D221FE29-7450-46E3-A7AE-1C8069F3FDC0}.Debug|Any CPU.Build.0 = Debug|x86
		{D221FE29-7450-46E3-A7AE-1C8069F3FDC0}.Debug|Any CPU.Deploy.0 = Debug|x86
		{D221FE29-7450-46E3-A7AE-1C8069F3FDC0}.Debug|ARM.ActiveCfg = Debug|ARM
		{D221FE29-7450-46E3-A7AE-1C8069F3FDC0}.Debug|ARM.Build.0 = Debug|ARM
		{D221FE29-7450-46E3-A7AE-1C8069F3FDC0}.Debug|ARM.Deploy.0 = Debug|ARM
		{D221FE29-7450-46E3-A7AE-1C8069F3FDC0}.Debug|iPhone.ActiveCfg = Debug|x86
		{D221FE29-7450-46E3-A7AE-1C8069F3FDC0}.Debug|iPhone.Build.0 = Debug|x86
		{D221FE29-7450-46E3-A7AE-1C8069F3FDC0}.Debug|iPhone.Deploy.0 = Debug|x86
		{D221FE29-7450-46E3-A7AE-1C8069F3FDC0}.Debug|iPhoneSimulator.ActiveCfg = Debug|x86
		{D221FE29-7450-46E3-A7AE-1C8069F3FDC0}.Debug|iPhoneSimulator.Build.0 = Debug|x86
		{D221FE29-7450-46E3-A7AE-1C8069F3FDC0}.Debug|iPhoneSimulator.Deploy.0 = Debug|x86
		{D221FE29-7450-46E3-A7AE-1C8069F3FDC0}.Debug|x64.ActiveCfg = Debug|x64
		{D221FE29-7450-46E3-A7AE-1C8069F3FDC0}.Debug|x64.Build.0 = Debug|x64
		{D221FE29-7450-46E3-A7AE-1C8069F3FDC0}.Debug|x64.Deploy.0 = Debug|x64
		{D221FE29-7450-46E3-A7AE-1C8069F3FDC0}.Debug|x86.ActiveCfg = Debug|x86
		{D221FE29-7450-46E3-A7AE-1C8069F3FDC0}.Debug|x86.Build.0 = Debug|x86
		{D221FE29-7450-46E3-A7AE-1C8069F3FDC0}.Debug|x86.Deploy.0 = Debug|x86
		{D221FE29-7450-46E3-A7AE-1C8069F3FDC0}.Release|Any CPU.ActiveCfg = Release|x86
		{D221FE29-7450-46E3-A7AE-1C8069F3FDC0}.Release|Any CPU.Build.0 = Release|x86
		{D221FE29-7450-46E3-A7AE-1C8069F3FDC0}.Release|Any CPU.Deploy.0 = Release|x86
		{D221FE29-7450-46E3-A7AE-1C8069F3FDC0}.Release|ARM.ActiveCfg = Release|ARM
		{D221FE29-7450-46E3-A7AE-1C8069F3FDC0}.Release|ARM.Build.0 = Release|ARM
		{D221FE29-7450-46E3-A7AE-1C8069F3FDC0}.Release|ARM.Deploy.0 = Release|ARM
		{D221FE29-7450-46E3-A7AE-1C8069F3FDC0}.Release|iPhone.ActiveCfg = Release|x86
		{D221FE29-7450-46E3-A7AE-1C8069F3FDC0}.Release|iPhone.Build.0 = Release|x86
		{D221FE29-7450-46E3-A7AE-1C8069F3FDC0}.Release|iPhone.Deploy.0 = Release|x86
		{D221FE29-7450-46E3-A7AE-1C8069F3FDC0}.Release|iPhoneSimulator.ActiveCfg = Release|x86
		{D221FE29-7450-46E3-A7AE-1C8069F3FDC0}.Release|iPhoneSimulator.Build.0 = Release|x86
		{D221FE29-7450-46E3-A7AE-1C8069F3FDC0}.Release|iPhoneSimulator.Deploy.0 = Release|x86
		{D221FE29-7450-46E3-A7AE-1C8069F3FDC0}.Release|x64.ActiveCfg = Release|x64
		{D221FE29-7450-46E3-A7AE-1C8069F3FDC0}.Release|x64.Build.0 = Release|x64
		{D221FE29-7450-46E3-A7AE-1C8069F3FDC0}.Release|x64.Deploy.0 = Release|x64
		{D221FE29-7450-46E3-A7AE-1C8069F3FDC0}.Release|x86.ActiveCfg = Release|x86
		{D221FE29-7450-46E3-A7AE-1C8069F3FDC0}.Release|x86.Build.0 = Release|x86
		{D221FE29-7450-46E3-A7AE-1C8069F3FDC0}.Release|x86.Deploy.0 = Release|x86
		{B9994A2D-1CBE-48E0-9D9E-F55AC2CD1D41}.Debug|Any CPU.ActiveCfg = Debug|Any CPU
		{B9994A2D-1CBE-48E0-9D9E-F55AC2CD1D41}.Debug|Any CPU.Build.0 = Debug|Any CPU
		{B9994A2D-1CBE-48E0-9D9E-F55AC2CD1D41}.Debug|Any CPU.Deploy.0 = Debug|Any CPU
		{B9994A2D-1CBE-48E0-9D9E-F55AC2CD1D41}.Debug|ARM.ActiveCfg = Debug|Any CPU
		{B9994A2D-1CBE-48E0-9D9E-F55AC2CD1D41}.Debug|ARM.Build.0 = Debug|Any CPU
		{B9994A2D-1CBE-48E0-9D9E-F55AC2CD1D41}.Debug|ARM.Deploy.0 = Debug|Any CPU
		{B9994A2D-1CBE-48E0-9D9E-F55AC2CD1D41}.Debug|iPhone.ActiveCfg = Debug|Any CPU
		{B9994A2D-1CBE-48E0-9D9E-F55AC2CD1D41}.Debug|iPhone.Build.0 = Debug|Any CPU
		{B9994A2D-1CBE-48E0-9D9E-F55AC2CD1D41}.Debug|iPhone.Deploy.0 = Debug|Any CPU
		{B9994A2D-1CBE-48E0-9D9E-F55AC2CD1D41}.Debug|iPhoneSimulator.ActiveCfg = Debug|Any CPU
		{B9994A2D-1CBE-48E0-9D9E-F55AC2CD1D41}.Debug|iPhoneSimulator.Build.0 = Debug|Any CPU
		{B9994A2D-1CBE-48E0-9D9E-F55AC2CD1D41}.Debug|iPhoneSimulator.Deploy.0 = Debug|Any CPU
		{B9994A2D-1CBE-48E0-9D9E-F55AC2CD1D41}.Debug|x64.ActiveCfg = Debug|Any CPU
		{B9994A2D-1CBE-48E0-9D9E-F55AC2CD1D41}.Debug|x64.Build.0 = Debug|Any CPU
		{B9994A2D-1CBE-48E0-9D9E-F55AC2CD1D41}.Debug|x64.Deploy.0 = Debug|Any CPU
		{B9994A2D-1CBE-48E0-9D9E-F55AC2CD1D41}.Debug|x86.ActiveCfg = Debug|Any CPU
		{B9994A2D-1CBE-48E0-9D9E-F55AC2CD1D41}.Debug|x86.Build.0 = Debug|Any CPU
		{B9994A2D-1CBE-48E0-9D9E-F55AC2CD1D41}.Debug|x86.Deploy.0 = Debug|Any CPU
		{B9994A2D-1CBE-48E0-9D9E-F55AC2CD1D41}.Release|Any CPU.ActiveCfg = Release|Any CPU
		{B9994A2D-1CBE-48E0-9D9E-F55AC2CD1D41}.Release|Any CPU.Build.0 = Release|Any CPU
		{B9994A2D-1CBE-48E0-9D9E-F55AC2CD1D41}.Release|Any CPU.Deploy.0 = Release|Any CPU
		{B9994A2D-1CBE-48E0-9D9E-F55AC2CD1D41}.Release|ARM.ActiveCfg = Release|Any CPU
		{B9994A2D-1CBE-48E0-9D9E-F55AC2CD1D41}.Release|ARM.Build.0 = Release|Any CPU
		{B9994A2D-1CBE-48E0-9D9E-F55AC2CD1D41}.Release|ARM.Deploy.0 = Release|Any CPU
		{B9994A2D-1CBE-48E0-9D9E-F55AC2CD1D41}.Release|iPhone.ActiveCfg = Release|Any CPU
		{B9994A2D-1CBE-48E0-9D9E-F55AC2CD1D41}.Release|iPhone.Build.0 = Release|Any CPU
		{B9994A2D-1CBE-48E0-9D9E-F55AC2CD1D41}.Release|iPhone.Deploy.0 = Release|Any CPU
		{B9994A2D-1CBE-48E0-9D9E-F55AC2CD1D41}.Release|iPhoneSimulator.ActiveCfg = Release|Any CPU
		{B9994A2D-1CBE-48E0-9D9E-F55AC2CD1D41}.Release|iPhoneSimulator.Build.0 = Release|Any CPU
		{B9994A2D-1CBE-48E0-9D9E-F55AC2CD1D41}.Release|iPhoneSimulator.Deploy.0 = Release|Any CPU
		{B9994A2D-1CBE-48E0-9D9E-F55AC2CD1D41}.Release|x64.ActiveCfg = Release|Any CPU
		{B9994A2D-1CBE-48E0-9D9E-F55AC2CD1D41}.Release|x64.Build.0 = Release|Any CPU
		{B9994A2D-1CBE-48E0-9D9E-F55AC2CD1D41}.Release|x64.Deploy.0 = Release|Any CPU
		{B9994A2D-1CBE-48E0-9D9E-F55AC2CD1D41}.Release|x86.ActiveCfg = Release|Any CPU
		{B9994A2D-1CBE-48E0-9D9E-F55AC2CD1D41}.Release|x86.Build.0 = Release|Any CPU
		{B9994A2D-1CBE-48E0-9D9E-F55AC2CD1D41}.Release|x86.Deploy.0 = Release|Any CPU
		{DDCCF76B-13B4-41BD-821F-F69FD477C114}.Debug|Any CPU.ActiveCfg = Debug|iPhone
		{DDCCF76B-13B4-41BD-821F-F69FD477C114}.Debug|Any CPU.Build.0 = Debug|iPhone
		{DDCCF76B-13B4-41BD-821F-F69FD477C114}.Debug|Any CPU.Deploy.0 = Debug|iPhone
		{DDCCF76B-13B4-41BD-821F-F69FD477C114}.Debug|ARM.ActiveCfg = Debug|iPhoneSimulator
		{DDCCF76B-13B4-41BD-821F-F69FD477C114}.Debug|ARM.Build.0 = Debug|iPhoneSimulator
		{DDCCF76B-13B4-41BD-821F-F69FD477C114}.Debug|ARM.Deploy.0 = Debug|iPhoneSimulator
		{DDCCF76B-13B4-41BD-821F-F69FD477C114}.Debug|iPhone.ActiveCfg = Debug|iPhone
		{DDCCF76B-13B4-41BD-821F-F69FD477C114}.Debug|iPhone.Build.0 = Debug|iPhone
		{DDCCF76B-13B4-41BD-821F-F69FD477C114}.Debug|iPhone.Deploy.0 = Debug|iPhone
		{DDCCF76B-13B4-41BD-821F-F69FD477C114}.Debug|iPhoneSimulator.ActiveCfg = Debug|iPhoneSimulator
		{DDCCF76B-13B4-41BD-821F-F69FD477C114}.Debug|iPhoneSimulator.Build.0 = Debug|iPhoneSimulator
		{DDCCF76B-13B4-41BD-821F-F69FD477C114}.Debug|iPhoneSimulator.Deploy.0 = Debug|iPhoneSimulator
		{DDCCF76B-13B4-41BD-821F-F69FD477C114}.Debug|x64.ActiveCfg = Debug|iPhone
		{DDCCF76B-13B4-41BD-821F-F69FD477C114}.Debug|x64.Build.0 = Debug|iPhone
		{DDCCF76B-13B4-41BD-821F-F69FD477C114}.Debug|x64.Deploy.0 = Debug|iPhone
		{DDCCF76B-13B4-41BD-821F-F69FD477C114}.Debug|x86.ActiveCfg = Debug|iPhone
		{DDCCF76B-13B4-41BD-821F-F69FD477C114}.Debug|x86.Build.0 = Debug|iPhone
		{DDCCF76B-13B4-41BD-821F-F69FD477C114}.Debug|x86.Deploy.0 = Debug|iPhone
		{DDCCF76B-13B4-41BD-821F-F69FD477C114}.Release|Any CPU.ActiveCfg = Release|iPhone
		{DDCCF76B-13B4-41BD-821F-F69FD477C114}.Release|Any CPU.Build.0 = Release|iPhone
		{DDCCF76B-13B4-41BD-821F-F69FD477C114}.Release|Any CPU.Deploy.0 = Release|iPhone
		{DDCCF76B-13B4-41BD-821F-F69FD477C114}.Release|ARM.ActiveCfg = Release|iPhone
		{DDCCF76B-13B4-41BD-821F-F69FD477C114}.Release|ARM.Build.0 = Release|iPhone
		{DDCCF76B-13B4-41BD-821F-F69FD477C114}.Release|ARM.Deploy.0 = Release|iPhone
		{DDCCF76B-13B4-41BD-821F-F69FD477C114}.Release|iPhone.ActiveCfg = Release|iPhone
		{DDCCF76B-13B4-41BD-821F-F69FD477C114}.Release|iPhone.Build.0 = Release|iPhone
		{DDCCF76B-13B4-41BD-821F-F69FD477C114}.Release|iPhone.Deploy.0 = Release|iPhone
		{DDCCF76B-13B4-41BD-821F-F69FD477C114}.Release|iPhoneSimulator.ActiveCfg = Release|iPhoneSimulator
		{DDCCF76B-13B4-41BD-821F-F69FD477C114}.Release|iPhoneSimulator.Build.0 = Release|iPhoneSimulator
		{DDCCF76B-13B4-41BD-821F-F69FD477C114}.Release|iPhoneSimulator.Deploy.0 = Release|iPhoneSimulator
		{DDCCF76B-13B4-41BD-821F-F69FD477C114}.Release|x64.ActiveCfg = Release|iPhone
		{DDCCF76B-13B4-41BD-821F-F69FD477C114}.Release|x64.Build.0 = Release|iPhone
		{DDCCF76B-13B4-41BD-821F-F69FD477C114}.Release|x64.Deploy.0 = Release|iPhone
		{DDCCF76B-13B4-41BD-821F-F69FD477C114}.Release|x86.ActiveCfg = Release|iPhone
		{DDCCF76B-13B4-41BD-821F-F69FD477C114}.Release|x86.Build.0 = Release|iPhone
		{DDCCF76B-13B4-41BD-821F-F69FD477C114}.Release|x86.Deploy.0 = Release|iPhone
		{983F71B5-4528-4E8A-BC3B-F665B2906564}.Debug|Any CPU.ActiveCfg = Debug|Any CPU
		{983F71B5-4528-4E8A-BC3B-F665B2906564}.Debug|Any CPU.Build.0 = Debug|Any CPU
		{983F71B5-4528-4E8A-BC3B-F665B2906564}.Debug|Any CPU.Deploy.0 = Debug|Any CPU
		{983F71B5-4528-4E8A-BC3B-F665B2906564}.Debug|ARM.ActiveCfg = Debug|Any CPU
		{983F71B5-4528-4E8A-BC3B-F665B2906564}.Debug|ARM.Build.0 = Debug|Any CPU
		{983F71B5-4528-4E8A-BC3B-F665B2906564}.Debug|ARM.Deploy.0 = Debug|Any CPU
		{983F71B5-4528-4E8A-BC3B-F665B2906564}.Debug|iPhone.ActiveCfg = Debug|Any CPU
		{983F71B5-4528-4E8A-BC3B-F665B2906564}.Debug|iPhone.Build.0 = Debug|Any CPU
		{983F71B5-4528-4E8A-BC3B-F665B2906564}.Debug|iPhone.Deploy.0 = Debug|Any CPU
		{983F71B5-4528-4E8A-BC3B-F665B2906564}.Debug|iPhoneSimulator.ActiveCfg = Debug|Any CPU
		{983F71B5-4528-4E8A-BC3B-F665B2906564}.Debug|iPhoneSimulator.Build.0 = Debug|Any CPU
		{983F71B5-4528-4E8A-BC3B-F665B2906564}.Debug|iPhoneSimulator.Deploy.0 = Debug|Any CPU
		{983F71B5-4528-4E8A-BC3B-F665B2906564}.Debug|x64.ActiveCfg = Debug|Any CPU
		{983F71B5-4528-4E8A-BC3B-F665B2906564}.Debug|x64.Build.0 = Debug|Any CPU
		{983F71B5-4528-4E8A-BC3B-F665B2906564}.Debug|x64.Deploy.0 = Debug|Any CPU
		{983F71B5-4528-4E8A-BC3B-F665B2906564}.Debug|x86.ActiveCfg = Debug|Any CPU
		{983F71B5-4528-4E8A-BC3B-F665B2906564}.Debug|x86.Build.0 = Debug|Any CPU
		{983F71B5-4528-4E8A-BC3B-F665B2906564}.Debug|x86.Deploy.0 = Debug|Any CPU
		{983F71B5-4528-4E8A-BC3B-F665B2906564}.Release|Any CPU.ActiveCfg = Release|Any CPU
		{983F71B5-4528-4E8A-BC3B-F665B2906564}.Release|Any CPU.Build.0 = Release|Any CPU
		{983F71B5-4528-4E8A-BC3B-F665B2906564}.Release|Any CPU.Deploy.0 = Release|Any CPU
		{983F71B5-4528-4E8A-BC3B-F665B2906564}.Release|ARM.ActiveCfg = Release|Any CPU
		{983F71B5-4528-4E8A-BC3B-F665B2906564}.Release|ARM.Build.0 = Release|Any CPU
		{983F71B5-4528-4E8A-BC3B-F665B2906564}.Release|ARM.Deploy.0 = Release|Any CPU
		{983F71B5-4528-4E8A-BC3B-F665B2906564}.Release|iPhone.ActiveCfg = Release|Any CPU
		{983F71B5-4528-4E8A-BC3B-F665B2906564}.Release|iPhone.Build.0 = Release|Any CPU
		{983F71B5-4528-4E8A-BC3B-F665B2906564}.Release|iPhone.Deploy.0 = Release|Any CPU
		{983F71B5-4528-4E8A-BC3B-F665B2906564}.Release|iPhoneSimulator.ActiveCfg = Release|Any CPU
		{983F71B5-4528-4E8A-BC3B-F665B2906564}.Release|iPhoneSimulator.Build.0 = Release|Any CPU
		{983F71B5-4528-4E8A-BC3B-F665B2906564}.Release|iPhoneSimulator.Deploy.0 = Release|Any CPU
		{983F71B5-4528-4E8A-BC3B-F665B2906564}.Release|x64.ActiveCfg = Release|Any CPU
		{983F71B5-4528-4E8A-BC3B-F665B2906564}.Release|x64.Build.0 = Release|Any CPU
		{983F71B5-4528-4E8A-BC3B-F665B2906564}.Release|x64.Deploy.0 = Release|Any CPU
		{983F71B5-4528-4E8A-BC3B-F665B2906564}.Release|x86.ActiveCfg = Release|Any CPU
		{983F71B5-4528-4E8A-BC3B-F665B2906564}.Release|x86.Build.0 = Release|Any CPU
		{983F71B5-4528-4E8A-BC3B-F665B2906564}.Release|x86.Deploy.0 = Release|Any CPU
	EndGlobalSection
	GlobalSection(SolutionProperties) = preSolution
		HideSolutionNode = FALSE
	EndGlobalSection
	GlobalSection(ExtensibilityGlobals) = postSolution
		SolutionGuid = {332CA128-61D5-464F-9C73-A85358412F08}
	EndGlobalSection
EndGlobal
